# THIS IS AN AUTOGENERATED FILE. DO NOT EDIT THIS FILE DIRECTLY.
# yarn lockfile v1


"@cspotcode/source-map-consumer@0.8.0":
  version "0.8.0"
  resolved "https://registry.yarnpkg.com/@cspotcode/source-map-consumer/-/source-map-consumer-0.8.0.tgz#33bf4b7b39c178821606f669bbc447a6a629786b"
  integrity sha512-41qniHzTU8yAGbCp04ohlmSrZf8bkf/iJsl3V0dRGsQN/5GFfx+LbCSsCpp2gqrqjTVg/K6O8ycoV35JIwAzAg==

"@cspotcode/source-map-support@0.7.0":
  version "0.7.0"
  resolved "https://registry.yarnpkg.com/@cspotcode/source-map-support/-/source-map-support-0.7.0.tgz#4789840aa859e46d2f3173727ab707c66bf344f5"
  integrity sha512-X4xqRHqN8ACt2aHVe51OxeA2HjbcL4MqFqXkrmQszJ1NOUuUu5u6Vqx/0lZSVNku7velL5FC/s5uEAj1lsBMhA==
  dependencies:
    "@cspotcode/source-map-consumer" "0.8.0"

"@tsconfig/node10@^1.0.7":
  version "1.0.8"
  resolved "https://registry.yarnpkg.com/@tsconfig/node10/-/node10-1.0.8.tgz#c1e4e80d6f964fbecb3359c43bd48b40f7cadad9"
  integrity sha512-6XFfSQmMgq0CFLY1MslA/CPUfhIL919M1rMsa5lP2P097N2Wd1sSX0tx1u4olM16fLNhtHZpRhedZJphNJqmZg==

"@tsconfig/node12@^1.0.7":
  version "1.0.9"
  resolved "https://registry.yarnpkg.com/@tsconfig/node12/-/node12-1.0.9.tgz#62c1f6dee2ebd9aead80dc3afa56810e58e1a04c"
  integrity sha512-/yBMcem+fbvhSREH+s14YJi18sp7J9jpuhYByADT2rypfajMZZN4WQ6zBGgBKp53NKmqI36wFYDb3yaMPurITw==

"@tsconfig/node14@^1.0.0":
  version "1.0.1"
  resolved "https://registry.yarnpkg.com/@tsconfig/node14/-/node14-1.0.1.tgz#95f2d167ffb9b8d2068b0b235302fafd4df711f2"
  integrity sha512-509r2+yARFfHHE7T6Puu2jjkoycftovhXRqW328PDXTVGKihlb1P8Z9mMZH04ebyajfRY7dedfGynlrFHJUQCg==

"@tsconfig/node16@^1.0.2":
  version "1.0.2"
  resolved "https://registry.yarnpkg.com/@tsconfig/node16/-/node16-1.0.2.tgz#423c77877d0569db20e1fc80885ac4118314010e"
  integrity sha512-eZxlbI8GZscaGS7kkc/trHTT5xgrjH3/1n2JDwusC9iahPKWMRvRjJSAN5mCXviuTGQ/lHnhvv8Q1YTpnfz9gA==

"@types/node@^17.0.14":
  version "17.0.18"
  resolved "https://registry.yarnpkg.com/@types/node/-/node-17.0.18.tgz#3b4fed5cfb58010e3a2be4b6e74615e4847f1074"
  integrity sha512-eKj4f/BsN/qcculZiRSujogjvp5O/k4lOW5m35NopjZM/QwLOR075a8pJW5hD+Rtdm2DaCVPENS6KtSQnUD6BA==

"@types/qunit@^2.11.3":
  version "2.11.3"
  resolved "https://registry.yarnpkg.com/@types/qunit/-/qunit-2.11.3.tgz#2900adb58eee250c96b2d33a923cc4eae70d72ba"
  integrity sha512-UF/4jDehcpRlMXzKXi2Z59Id48/uYlMeUDhYdjFrVVwy30Eud/e60Ok3yVjSPlHprafj3B315uFTrF6eqQTeSw==

acorn-walk@^8.1.1:
  version "8.2.0"
  resolved "https://registry.yarnpkg.com/acorn-walk/-/acorn-walk-8.2.0.tgz#741210f2e2426454508853a2f44d0ab83b7f69c1"
  integrity sha512-k+iyHEuPgSw6SbuDpGQM+06HQUa04DZ3o+F6CSzXMvvI5KMvnaEqXe+YVe555R9nn6GPt404fos4wcgpw12SDA==

acorn@^8.4.1:
  version "8.7.0"
  resolved "https://registry.yarnpkg.com/acorn/-/acorn-8.7.0.tgz#90951fde0f8f09df93549481e5fc141445b791cf"
  integrity sha512-V/LGr1APy+PXIwKebEWrkZPwoeoF+w1jiOBUmuxuiUIaOHtob8Qc9BTrYo7VuI5fR8tqsy+buA2WFooR5olqvQ==

arg@^4.1.0:
  version "4.1.3"
  resolved "https://registry.yarnpkg.com/arg/-/arg-4.1.3.tgz#269fc7ad5b8e42cb63c896d5666017261c144089"
  integrity sha512-58S9QDqG0Xx27YwPSt9fJxivjYl432YCwfDMfZ+71RAqUrZef7LrKQZ3LHLOwCS4FLNBplP533Zx895SeOCHvA==

arpscan@^1.0.2:
  version "1.0.2"
  resolved "https://registry.yarnpkg.com/arpscan/-/arpscan-1.0.2.tgz#09ceb226ddc16c7d9d0dae7e2040bdafef66d677"
  integrity sha512-zwpRnaLNAI+l81FH+i5sFWWKNwwQfDjS0BDiCRGWV9QvP0yvyTMqlVx2/k3lV5FQRndHPltgXzELUvZ0OQvBfw==
  dependencies:
    commander "^2.7.1"
    gextend "^0.1.6"
    suspawn "^0.2.2"

commander@7.2.0:
  version "7.2.0"
  resolved "https://registry.yarnpkg.com/commander/-/commander-7.2.0.tgz#a36cb57d0b501ce108e4d20559a150a391d97ab7"
  integrity sha512-QrWXB+ZQSVPmIWIhtEO9H+gwHaMGYiF5ChvoJ+K9ZGHG/sVsa6yiesAD1GC/x46sET00Xlwo1u49RVVVzvcSkw==

commander@^2.7.1:
  version "2.20.3"
  resolved "https://registry.yarnpkg.com/commander/-/commander-2.20.3.tgz#fd485e84c03eb4881c20722ba48035e8531aeb33"
  integrity sha512-GpVkmM8vF2vQUkj2LvZmD35JxeJOLCwJ9cUkugyk2nuhbv3+mJvpLYYt+0+USMxE+oj+ey/lJEnhZw75x/OMcQ==

core-js@^3.6.5:
  version "3.21.0"
  resolved "https://registry.yarnpkg.com/core-js/-/core-js-3.21.0.tgz#f479dbfc3dffb035a0827602dd056839a774aa71"
  integrity sha512-YUdI3fFu4TF/2WykQ2xzSiTQdldLB4KVuL9WeAy5XONZYt5Cun/fpQvctoKbCgvPhmzADeesTk/j2Rdx77AcKQ==

create-require@^1.1.0:
  version "1.1.1"
  resolved "https://registry.yarnpkg.com/create-require/-/create-require-1.1.1.tgz#c1d7e8f1e5f6cfc9ff65f9cd352d37348756c333"
  integrity sha512-dcKFX3jn0MpIaXjisoRvexIJVEKzaq7z2rZKxf+MSr9TkdmHmsU4m2lcLojrj/FHl8mk5VxMmYA+ftRkP/3oKQ==

diff@^4.0.1:
  version "4.0.2"
  resolved "https://registry.yarnpkg.com/diff/-/diff-4.0.2.tgz#60f3aecb89d5fae520c11aa19efc2bb982aade7d"
  integrity sha512-58lmxKSA4BNyLz+HHMUzlOEpg09FV+ev6ZMe3vJihgdxzgcwZ8VoEEPmALCZG9LmqfVoNMMKpttIYTVG6uDY7A==

gextend@^0.1.6:
  version "0.1.6"
  resolved "https://registry.yarnpkg.com/gextend/-/gextend-0.1.6.tgz#ede42c0f0bbf53fd0f5f101c416343caf6bd8472"
  integrity sha1-7eQsDwu/U/0PXxAcQWNDyva9hHI=

globalyzer@0.1.0:
  version "0.1.0"
  resolved "https://registry.yarnpkg.com/globalyzer/-/globalyzer-0.1.0.tgz#cb76da79555669a1519d5a8edf093afaa0bf1465"
  integrity sha512-40oNTM9UfG6aBmuKxk/giHn5nQ8RVz/SS4Ir6zgzOv9/qC3kKZ9v4etGTcJbEl/NyVQH7FGU7d+X1egr57Md2Q==

globrex@^0.1.2:
  version "0.1.2"
  resolved "https://registry.yarnpkg.com/globrex/-/globrex-0.1.2.tgz#dd5d9ec826232730cd6793a5e33a9302985e6098"
  integrity sha512-uHJgbwAMwNFf5mLst7IWLNg14x1CkeqglJb/K3doi4dw6q2IvAAmM/Y81kevy83wP+Sst+nutFTYOGg3d1lsxg==

make-error@^1.1.1:
  version "1.3.6"
  resolved "https://registry.yarnpkg.com/make-error/-/make-error-1.3.6.tgz#2eb2e37ea9b67c4891f684a1394799af484cf7a2"
  integrity sha512-s8UhlNe7vPKomQhC1qFelMokr/Sc3AgNbso3n74mVPA5LTZwkB9NlXf4XPamLxJE8h0gh73rM94xvwRT2CVInw==

minimist@^1.2.0:
  version "1.2.5"
  resolved "https://registry.yarnpkg.com/minimist/-/minimist-1.2.5.tgz#67d66014b66a6a8aaa0c083c5fd58df4e4e97602"
  integrity sha512-FM9nNUYrRBAELZQT3xeZQ7fmMOBg6nWNmJKTcgsJeaLstP/UODVpGsr5OhXhhXg6f+qtJ8uiZ+PUxkDWcgIXLw==

node-arp@^1.0.6:
  version "1.0.6"
  resolved "https://registry.yarnpkg.com/node-arp/-/node-arp-1.0.6.tgz#8ab4f6fff1c57e147a20a32a1e39e577aeb45898"
  integrity sha512-miX3CXZv1CvsWeAeoB66GVbn8X0WEbcZTmpZBnIzK4t02YF7+JDeFxYWFcqcDDaM2d/vzUFTx4zxr+G1NBRmGQ==

node-watch@0.7.3:
  version "0.7.3"
  resolved "https://registry.yarnpkg.com/node-watch/-/node-watch-0.7.3.tgz#6d4db88e39c8d09d3ea61d6568d80e5975abc7ab"
  integrity sha512-3l4E8uMPY1HdMMryPRUAl+oIHtXtyiTlIiESNSVSNxcPfzAFzeTbXFQkZfAwBbo0B1qMSG8nUABx+Gd+YrbKrQ==

promise-duplex@^6.0.0:
  version "6.0.0"
  resolved "https://registry.yarnpkg.com/promise-duplex/-/promise-duplex-6.0.0.tgz#9d9d13383ac0f70701b9f095ffd486f106c2232e"
  integrity sha512-ZL7rquzjTFzInDBeWYcsT+qddolNvzigahk6MI6qLSbQvlyRRCJkU3JztgaVunzvkH28smRa2Qu/cY9RXtSkgA==
  dependencies:
    core-js "^3.6.5"
    promise-readable "^6.0.0"
    promise-writable "^6.0.0"

promise-readable@^6.0.0:
  version "6.0.0"
  resolved "https://registry.yarnpkg.com/promise-readable/-/promise-readable-6.0.0.tgz#ab1ec1a3daa53ed8764b61902fb7f3de3242025a"
  integrity sha512-5NxtmUswijvX5cAM0zPSy6yiCXH/eKBpiiBq6JfAUrmngMquMbzcBhF2qA+ocs4rYYKdvAfv3cOvZxADLtL1CA==
  dependencies:
    core-js "^3.6.5"

promise-socket@^7.0.0:
  version "7.0.0"
  resolved "https://registry.yarnpkg.com/promise-socket/-/promise-socket-7.0.0.tgz#20c147c417033a50fe7e1d1236a46ff59d4280b3"
  integrity sha512-Oic9BrxmcHOPEnzKp2Js+ehFyvsbd0WxsE5khweCTHuRvdzbXjHUZmSDT6F9TW8SIkAJ0lCzoHjMYnb0WQJPiw==
  dependencies:
    promise-duplex "^6.0.0"
    tslib "^2.0.1"

promise-writable@^6.0.0:
  version "6.0.0"
  resolved "https://registry.yarnpkg.com/promise-writable/-/promise-writable-6.0.0.tgz#4d703e75873a4e755a39bdb926a37f41538e507f"
  integrity sha512-b81zre/itgJFS7dwWzIdKNVVqvLiUxYRS/wolUB0H1YY/tAaS146XGKa4Q/5wCbsnXLyn0MCeV6f8HHe4iUHLg==

queue-promise@^2.2.1:
  version "2.2.1"
  resolved "https://registry.yarnpkg.com/queue-promise/-/queue-promise-2.2.1.tgz#8de03fb79ba458efcb5ebf76368ab029d2669752"
  integrity sha512-C3eyRwLF9m6dPV4MtqMVFX+Xmc7keZ9Ievm3jJ/wWM5t3uVbFnGsJXwpYzZ4LaIEcX9bss/mdaKzyrO6xheRuA==

qunit@^2.17.2:
  version "2.18.0"
  resolved "https://registry.yarnpkg.com/qunit/-/qunit-2.18.0.tgz#5a3efc8ee609e9d8f207a1ad317a9b02bb14bc6b"
  integrity sha512-Xw/zUm5t1JY8SNErki/qtw4fCuaaOZL+bPloZU+0kto+fO8j1JV9MQWqXO4kATfhEyJohlsKZpfg1HF7GOkpXw==
  dependencies:
    commander "7.2.0"
    node-watch "0.7.3"
    tiny-glob "0.2.9"

suspawn@^0.2.2:
  version "0.2.2"
  resolved "https://registry.yarnpkg.com/suspawn/-/suspawn-0.2.2.tgz#0a540fda0817579e8905b56e29de1bf483a5f3c3"
  integrity sha1-ClQP2ggXV56JBbVuKd4b9IOl88M=

tiny-glob@0.2.9:
  version "0.2.9"
  resolved "https://registry.yarnpkg.com/tiny-glob/-/tiny-glob-0.2.9.tgz#2212d441ac17928033b110f8b3640683129d31e2"
  integrity sha512-g/55ssRPUjShh+xkfx9UPDXqhckHEsHr4Vd9zX55oSdGZc/MD0m3sferOkwWtp98bv+kcVfEHtRJgBVJzelrzg==
  dependencies:
    globalyzer "0.1.0"
    globrex "^0.1.2"

ts-node@^10.4.0:
  version "10.5.0"
  resolved "https://registry.yarnpkg.com/ts-node/-/ts-node-10.5.0.tgz#618bef5854c1fbbedf5e31465cbb224a1d524ef9"
  integrity sha512-6kEJKwVxAJ35W4akuiysfKwKmjkbYxwQMTBaAxo9KKAx/Yd26mPUyhGz3ji+EsJoAgrLqVsYHNuuYwQe22lbtw==
  dependencies:
    "@cspotcode/source-map-support" "0.7.0"
    "@tsconfig/node10" "^1.0.7"
    "@tsconfig/node12" "^1.0.7"
    "@tsconfig/node14" "^1.0.0"
    "@tsconfig/node16" "^1.0.2"
    acorn "^8.4.1"
    acorn-walk "^8.1.1"
    arg "^4.1.0"
    create-require "^1.1.0"
    diff "^4.0.1"
    make-error "^1.1.1"
    v8-compile-cache-lib "^3.0.0"
    yn "3.1.1"

tslib@^2.0.1:
  version "2.3.1"
  resolved "https://registry.yarnpkg.com/tslib/-/tslib-2.3.1.tgz#e8a335add5ceae51aa261d32a490158ef042ef01"
  integrity sha512-77EbyPPpMz+FRFRuAFlWMtmgUWGe9UOG2Z25NqCwiIjRhOf5iKGuzSe5P2w1laq+FkRy4p+PCuVkJSGkzTEKVw==

typescript@^4.5.5:
  version "4.5.5"
  resolved "https://registry.yarnpkg.com/typescript/-/typescript-4.5.5.tgz#d8c953832d28924a9e3d37c73d729c846c5896f3"
  integrity sha512-TCTIul70LyWe6IJWT8QSYeA54WQe8EjQFU4wY52Fasj5UKx88LNYKCgBEHcOMOrFF1rKGbD8v/xcNWVUq9SymA==

v8-compile-cache-lib@^3.0.0:
  version "3.0.0"
  resolved "https://registry.yarnpkg.com/v8-compile-cache-lib/-/v8-compile-cache-lib-3.0.0.tgz#0582bcb1c74f3a2ee46487ceecf372e46bce53e8"
  integrity sha512-mpSYqfsFvASnSn5qMiwrr4VKfumbPyONLCOPmsR3A6pTY/r0+tSaVbgPWSAIuzbk3lCTa+FForeTiO+wBQGkjA==

wake_on_lan@^1.0.0:
  version "1.0.0"
  resolved "https://registry.yarnpkg.com/wake_on_lan/-/wake_on_lan-1.0.0.tgz#516519ee5ab41a652d79c8bd5704fce6ecd4cdb2"
  integrity sha1-UWUZ7lq0GmUteci9VwT85uzUzbI=
  dependencies:
    minimist "^1.2.0"

yn@3.1.1:
  version "3.1.1"
  resolved "https://registry.yarnpkg.com/yn/-/yn-3.1.1.tgz#1e87401a09d767c1d5eab26a6e4c185182d2eb50"
  integrity sha512-Ux4ygGWsu2c7isFWe8Yu1YluJmqVhxqK2cLXNQA5AcC3QfbGNpM7fu0Y8b/z16pXLnFxZYvWhd3fhBY9DLmC6Q==
